// !$*UTF8*$!
{
	archiveVersion = 1;
	classes = {
	};
	objectVersion = 46;
	objects = {

/* Begin PBXBuildFile section */
		05168C621F24356F00CAFA2F /* main.swift in Sources */ = {isa = PBXBuildFile; fileRef = 05168C611F24356F00CAFA2F /* main.swift */; };
		05168C691F2436EA00CAFA2F /* User.swift in Sources */ = {isa = PBXBuildFile; fileRef = 05168C681F2436EA00CAFA2F /* User.swift */; };
		05168C6B1F24375800CAFA2F /* Repository.swift in Sources */ = {isa = PBXBuildFile; fileRef = 05168C6A1F24375800CAFA2F /* Repository.swift */; };
		05168C6E1F2437FC00CAFA2F /* JSONDecodeError.swift in Sources */ = {isa = PBXBuildFile; fileRef = 05168C6D1F2437FC00CAFA2F /* JSONDecodeError.swift */; };
		05168C701F2439C300CAFA2F /* JSONDecodable.swift in Sources */ = {isa = PBXBuildFile; fileRef = 05168C6F1F2439C300CAFA2F /* JSONDecodable.swift */; };
		05168C721F243EB600CAFA2F /* SearchResponse.swift in Sources */ = {isa = PBXBuildFile; fileRef = 05168C711F243EB600CAFA2F /* SearchResponse.swift */; };
/* End PBXBuildFile section */

/* Begin PBXCopyFilesBuildPhase section */
		05168C5C1F24356E00CAFA2F /* CopyFiles */ = {
			isa = PBXCopyFilesBuildPhase;
			buildActionMask = 2147483647;
			dstPath = /usr/share/man/man1/;
			dstSubfolderSpec = 0;
			files = (
			);
			runOnlyForDeploymentPostprocessing = 1;
		};
/* End PBXCopyFilesBuildPhase section */

/* Begin PBXFileReference section */
		05168C5E1F24356F00CAFA2F /* GitHubSearchRepository */ = {isa = PBXFileReference; explicitFileType = "compiled.mach-o.executable"; includeInIndex = 0; path = GitHubSearchRepository; sourceTree = BUILT_PRODUCTS_DIR; };
		05168C611F24356F00CAFA2F /* main.swift */ = {isa = PBXFileReference; lastKnownFileType = sourcecode.swift; path = main.swift; sourceTree = "<group>"; };
		05168C681F2436EA00CAFA2F /* User.swift */ = {isa = PBXFileReference; fileEncoding = 4; lastKnownFileType = sourcecode.swift; path = User.swift; sourceTree = "<group>"; };
		05168C6A1F24375800CAFA2F /* Repository.swift */ = {isa = PBXFileReference; fileEncoding = 4; lastKnownFileType = sourcecode.swift; path = Repository.swift; sourceTree = "<group>"; };
		05168C6D1F2437FC00CAFA2F /* JSONDecodeError.swift */ = {isa = PBXFileReference; fileEncoding = 4; lastKnownFileType = sourcecode.swift; path = JSONDecodeError.swift; sourceTree = "<group>"; };
		05168C6F1F2439C300CAFA2F /* JSONDecodable.swift */ = {isa = PBXFileReference; fileEncoding = 4; lastKnownFileType = sourcecode.swift; path = JSONDecodable.swift; sourceTree = "<group>"; };
		05168C711F243EB600CAFA2F /* SearchResponse.swift */ = {isa = PBXFileReference; fileEncoding = 4; lastKnownFileType = sourcecode.swift; path = SearchResponse.swift; sourceTree = "<group>"; };
/* End PBXFileReference section */

/* Begin PBXFrameworksBuildPhase section */
		05168C5B1F24356E00CAFA2F /* Frameworks */ = {
			isa = PBXFrameworksBuildPhase;
			buildActionMask = 2147483647;
			files = (
			);
			runOnlyForDeploymentPostprocessing = 0;
		};
/* End PBXFrameworksBuildPhase section */

/* Begin PBXGroup section */
		05168C551F24356E00CAFA2F = {
			isa = PBXGroup;
			children = (
				05168C601F24356F00CAFA2F /* GitHubSearchRepository */,
				05168C5F1F24356F00CAFA2F /* Products */,
			);
			sourceTree = "<group>";
		};
		05168C5F1F24356F00CAFA2F /* Products */ = {
			isa = PBXGroup;
			children = (
				05168C5E1F24356F00CAFA2F /* GitHubSearchRepository */,
			);
			name = Products;
			sourceTree = "<group>";
		};
		05168C601F24356F00CAFA2F /* GitHubSearchRepository */ = {
			isa = PBXGroup;
			children = (
				05168C611F24356F00CAFA2F /* main.swift */,
				05168C6C1F2437A700CAFA2F /* Response */,
			);
			path = GitHubSearchRepository;
			sourceTree = "<group>";
		};
		05168C6C1F2437A700CAFA2F /* Response */ = {
			isa = PBXGroup;
			children = (
				05168C681F2436EA00CAFA2F /* User.swift */,
				05168C6A1F24375800CAFA2F /* Repository.swift */,
				05168C711F243EB600CAFA2F /* SearchResponse.swift */,
				05168C6D1F2437FC00CAFA2F /* JSONDecodeError.swift */,
				05168C6F1F2439C300CAFA2F /* JSONDecodable.swift */,
			);
			name = Response;
			sourceTree = "<group>";
		};
/* End PBXGroup section */

/* Begin PBXNativeTarget section */
		05168C5D1F24356E00CAFA2F /* GitHubSearchRepository */ = {
			isa = PBXNativeTarget;
			buildConfigurationList = 05168C651F24356F00CAFA2F /* Build configuration list for PBXNativeTarget "GitHubSearchRepository" */;
			buildPhases = (
				05168C5A1F24356E00CAFA2F /* Sources */,
				05168C5B1F24356E00CAFA2F /* Frameworks */,
				05168C5C1F24356E00CAFA2F /* CopyFiles */,
			);
			buildRules = (
			);
			dependencies = (
			);
			name = GitHubSearchRepository;
			productName = GitHubSearchRepository;
			productReference = 05168C5E1F24356F00CAFA2F /* GitHubSearchRepository */;
			productType = "com.apple.product-type.tool";
		};
/* End PBXNativeTarget section */

/* Begin PBXProject section */
		05168C561F24356E00CAFA2F /* Project object */ = {
			isa = PBXProject;
			attributes = {
				LastSwiftUpdateCheck = 0820;
				LastUpgradeCheck = 0820;
				ORGANIZATIONNAME = ShizunaIto;
				TargetAttributes = {
					05168C5D1F24356E00CAFA2F = {
						CreatedOnToolsVersion = 8.2.1;
						ProvisioningStyle = Automatic;
					};
				};
			};
			buildConfigurationList = 05168C591F24356E00CAFA2F /* Build configuration list for PBXProject "GitHubSearchRepository" */;
			compatibilityVersion = "Xcode 3.2";
			developmentRegion = English;
			hasScannedForEncodings = 0;
			knownRegions = (
				en,
			);
			mainGroup = 05168C551F24356E00CAFA2F;
			productRefGroup = 05168C5F1F24356F00CAFA2F /* Products */;
			projectDirPath = "";
			projectRoot = "";
			targets = (
				05168C5D1F24356E00CAFA2F /* GitHubSearchRepository */,
			);
		};
/* End PBXProject section */

/* Begin PBXSourcesBuildPhase section */
		05168C5A1F24356E00CAFA2F /* Sources */ = {
			isa = PBXSourcesBuildPhase;
			buildActionMask = 2147483647;
			files = (
				05168C6E1F2437FC00CAFA2F /* JSONDecodeError.swift in Sources */,
				05168C701F2439C300CAFA2F /* JSONDecodable.swift in Sources */,
				05168C721F243EB600CAFA2F /* SearchResponse.swift in Sources */,
				05168C691F2436EA00CAFA2F /* User.swift in Sources */,
				05168C621F24356F00CAFA2F /* main.swift in Sources */,
				05168C6B1F24375800CAFA2F /* Repository.swift in Sources */,
			);
			runOnlyForDeploymentPostprocessing = 0;
		};
/* End PBXSourcesBuildPhase section */

/* Begin XCBuildConfiguration section */
		05168C631F24356F00CAFA2F /* Debug */ = {
			isa = XCBuildConfiguration;
			buildSettings = {
				ALWAYS_SEARCH_USER_PATHS = NO;
				CLANG_ANALYZER_NONNULL = YES;
				CLANG_CXX_LANGUAGE_STANDARD = "gnu++0x";
				CLANG_CXX_LIBRARY = "libc++";
				CLANG_ENABLE_MODULES = YES;
				CLANG_ENABLE_OBJC_ARC = YES;
				CLANG_WARN_BOOL_CONVERSION = YES;
				CLANG_WARN_CONSTANT_CONVERSION = YES;
				CLANG_WARN_DIRECT_OBJC_ISA_USAGE = YES_ERROR;
				CLANG_WARN_DOCUMENTATION_COMMENTS = YES;
				CLANG_WARN_EMPTY_BODY = YES;
				CLANG_WARN_ENUM_CONVERSION = YES;
				CLANG_WARN_INFINITE_RECURSION = YES;
				CLANG_WARN_INT_CONVERSION = YES;
				CLANG_WARN_OBJC_ROOT_CLASS = YES_ERROR;
				CLANG_WARN_SUSPICIOUS_MOVE = YES;
				CLANG_WARN_UNREACHABLE_CODE = YES;
				CLANG_WARN__DUPLICATE_METHOD_MATCH = YES;
				CODE_SIGN_IDENTITY = "-";
				COPY_PHASE_STRIP = NO;
				DEBUG_INFORMATION_FORMAT = dwarf;
				ENABLE_STRICT_OBJC_MSGSEND = YES;
				ENABLE_TESTABILITY = YES;
				GCC_C_LANGUAGE_STANDARD = gnu99;
				GCC_DYNAMIC_NO_PIC = NO;
				GCC_NO_COMMON_BLOCKS = YES;
				GCC_OPTIMIZATION_LEVEL = 0;
				GCC_PREPROCESSOR_DEFINITIONS = (
					"DEBUG=1",
					"$(inherited)",
				);
				GCC_WARN_64_TO_32_BIT_CONVERSION = YES;
				GCC_WARN_ABOUT_RETURN_TYPE = YES_ERROR;
				GCC_WARN_UNDECLARED_SELECTOR = YES;
				GCC_WARN_UNINITIALIZED_AUTOS = YES_AGGRESSIVE;
				GCC_WARN_UNUSED_FUNCTION = YES;
				GCC_WARN_UNUSED_VARIABLE = YES;
				MACOSX_DEPLOYMENT_TARGET = 10.11;
				MTL_ENABLE_DEBUG_INFO = YES;
				ONLY_ACTIVE_ARCH = YES;
				SDKROOT = macosx;
				SWIFT_OPTIMIZATION_LEVEL = "-Onone";
			};
			name = Debug;
		};
		05168C641F24356F00CAFA2F /* Release */ = {
			isa = XCBuildConfiguration;
			buildSettings = {
				ALWAYS_SEARCH_USER_PATHS = NO;
				CLANG_ANALYZER_NONNULL = YES;
				CLANG_CXX_LANGUAGE_STANDARD = "gnu++0x";
				CLANG_CXX_LIBRARY = "libc++";
				CLANG_ENABLE_MODULES = YES;
				CLANG_ENABLE_OBJC_ARC = YES;
				CLANG_WARN_BOOL_CONVERSION = YES;
				CLANG_WARN_CONSTANT_CONVERSION = YES;
				CLANG_WARN_DIRECT_OBJC_ISA_USAGE = YES_ERROR;
				CLANG_WARN_DOCUMENTATION_COMMENTS = YES;
				CLANG_WARN_EMPTY_BODY = YES;
				CLANG_WARN_ENUM_CONVERSION = YES;
				CLANG_WARN_INFINITE_RECURSION = YES;
				CLANG_WARN_INT_CONVERSION = YES;
				CLANG_WARN_OBJC_ROOT_CLASS = YES_ERROR;
				CLANG_WARN_SUSPICIOUS_MOVE = YES;
				CLANG_WARN_UNREACHABLE_CODE = YES;
				CLANG_WARN__DUPLICATE_METHOD_MATCH = YES;
				CODE_SIGN_IDENTITY = "-";
				COPY_PHASE_STRIP = NO;
				DEBUG_INFORMATION_FORMAT = "dwarf-with-dsym";
				ENABLE_NS_ASSERTIONS = NO;
				ENABLE_STRICT_OBJC_MSGSEND = YES;
				GCC_C_LANGUAGE_STANDARD = gnu99;
				GCC_NO_COMMON_BLOCKS = YES;
				GCC_WARN_64_TO_32_BIT_CONVERSION = YES;
				GCC_WARN_ABOUT_RETURN_TYPE = YES_ERROR;
				GCC_WARN_UNDECLARED_SELECTOR = YES;
				GCC_WARN_UNINITIALIZED_AUTOS = YES_AGGRESSIVE;
				GCC_WARN_UNUSED_FUNCTION = YES;
				GCC_WARN_UNUSED_VARIABLE = YES;
				MACOSX_DEPLOYMENT_TARGET = 10.11;
				MTL_ENABLE_DEBUG_INFO = NO;
				SDKROOT = macosx;
			};
			name = Release;
		};
		05168C661F24356F00CAFA2F /* Debug */ = {
			isa = XCBuildConfiguration;
			buildSettings = {
				PRODUCT_NAME = "$(TARGET_NAME)";
				SWIFT_VERSION = 3.0;
			};
			name = Debug;
		};
		05168C671F24356F00CAFA2F /* Release */ = {
			isa = XCBuildConfiguration;
			buildSettings = {
				PRODUCT_NAME = "$(TARGET_NAME)";
				SWIFT_VERSION = 3.0;
			};
			name = Release;
		};
/* End XCBuildConfiguration section */

/* Begin XCConfigurationList section */
		05168C591F24356E00CAFA2F /* Build configuration list for PBXProject "GitHubSearchRepository" */ = {
			isa = XCConfigurationList;
			buildConfigurations = (
				05168C631F24356F00CAFA2F /* Debug */,
				05168C641F24356F00CAFA2F /* Release */,
			);
			defaultConfigurationIsVisible = 0;
			defaultConfigurationName = Release;
		};
		05168C651F24356F00CAFA2F /* Build configuration list for PBXNativeTarget "GitHubSearchRepository" */ = {
			isa = XCConfigurationList;
			buildConfigurations = (
				05168C661F24356F00CAFA2F /* Debug */,
				05168C671F24356F00CAFA2F /* Release */,
			);
			defaultConfigurationIsVisible = 0;
		};
/* End XCConfigurationList section */
	};
	rootObject = 05168C561F24356E00CAFA2F /* Project object */;
}
